{
  "name": "@alanlee97/utils",
  "version": "0.0.1-beta.1",
  "lockfileVersion": 2,
  "requires": true,
  "packages": {
    "": {
      "name": "@alanlee97/utils",
      "version": "0.0.1-beta.1",
      "license": "ISC",
      "dependencies": {
        "@alanlee97/utils": "^0.0.1-beta.1"
      }
    },
    "node_modules/@alanlee97/utils": {
      "version": "0.0.1-beta.1",
      "resolved": "https://registry.npmjs.org/@alanlee97/utils/-/utils-0.0.1-beta.1.tgz",
      "integrity": "sha512-0K0PNm5E2kqp/hcW+UOCpu1LvHDPEzK34LG8fnSKTriNfPlG+wKFxSsSoVMlPSlE2h10c0NXuZmAJFCL70ji8Q=="
    }
  },
  "dependencies": {
    "@alanlee97/utils": {
      "version": "0.0.1-beta.1",
      "resolved": "https://registry.npmjs.org/@alanlee97/utils/-/utils-0.0.1-beta.1.tgz",
      "integrity": "sha512-0K0PNm5E2kqp/hcW+UOCpu1LvHDPEzK34LG8fnSKTriNfPlG+wKFxSsSoVMlPSlE2h10c0NXuZmAJFCL70ji8Q=="
    }
  }
}
